
Microsoft Visual Studio Solution File, Format Version 12.00
# Visual Studio Version 16
VisualStudioVersion = 16.0.30907.101
MinimumVisualStudioVersion = 10.0.40219.1
Project("{9A19103F-16F7-4668-BE54-9A1E7A4F7556}") = "YoshikoBot", "Yoshiko-Tsushima\YoshikoBot.csproj", "{2E6157C9-F4BD-452A-8E5C-2099D85DCF12}"
EndProject
Project("{FAE04EC0-301F-11D3-BF4B-00C04F79EFBC}") = "YoshikoDB", "YoshikoDB\YoshikoDB.csproj", "{1E2A20E5-1285-4025-864C-B7EA7E9160BB}"
EndProject
Global
	GlobalSection(SolutionConfigurationPlatforms) = preSolution
		Debug|Any CPU = Debug|Any CPU
		Release|Any CPU = Release|Any CPU
	EndGlobalSection
	GlobalSection(ProjectConfigurationPlatforms) = postSolution
		{2E6157C9-F4BD-452A-8E5C-2099D85DCF12}.Debug|Any CPU.ActiveCfg = Debug|Any CPU
		{2E6157C9-F4BD-452A-8E5C-2099D85DCF12}.Debug|Any CPU.Build.0 = Debug|Any CPU
		{2E6157C9-F4BD-452A-8E5C-2099D85DCF12}.Release|Any CPU.ActiveCfg = Release|Any CPU
		{2E6157C9-F4BD-452A-8E5C-2099D85DCF12}.Release|Any CPU.Build.0 = Release|Any CPU
		{1E2A20E5-1285-4025-864C-B7EA7E9160BB}.Debug|Any CPU.ActiveCfg = Debug|Any CPU
		{1E2A20E5-1285-4025-864C-B7EA7E9160BB}.Debug|Any CPU.Build.0 = Debug|Any CPU
		{1E2A20E5-1285-4025-864C-B7EA7E9160BB}.Release|Any CPU.ActiveCfg = Release|Any CPU
		{1E2A20E5-1285-4025-864C-B7EA7E9160BB}.Release|Any CPU.Build.0 = Release|Any CPU
	EndGlobalSection
	GlobalSection(SolutionProperties) = preSolution
		HideSolutionNode = FALSE
	EndGlobalSection
	GlobalSection(ExtensibilityGlobals) = postSolution
		SolutionGuid = {59FE2BD8-D430-4832-9146-4151E39159B3}
	EndGlobalSection
EndGlobal
